
Microsoft Visual Studio Solution File, Format Version 12.00
# Visual Studio Version 17
VisualStudioVersion = 17.3.32929.385
MinimumVisualStudioVersion = 10.0.40219.1
Project("{FAE04EC0-301F-11D3-BF4B-00C04F79EFBC}") = "Assignment", "Assignment\Assignment.csproj", "{055B521D-FD3B-4EF4-AC62-EEEF0E261BF5}"
EndProject
Global
	GlobalSection(SolutionConfigurationPlatforms) = preSolution
		Debug|Any CPU = Debug|Any CPU
		Release|Any CPU = Release|Any CPU
	EndGlobalSection
	GlobalSection(ProjectConfigurationPlatforms) = postSolution
		{055B521D-FD3B-4EF4-AC62-EEEF0E261BF5}.Debug|Any CPU.ActiveCfg = Debug|Any CPU
		{055B521D-FD3B-4EF4-AC62-EEEF0E261BF5}.Debug|Any CPU.Build.0 = Debug|Any CPU
		{055B521D-FD3B-4EF4-AC62-EEEF0E261BF5}.Release|Any CPU.ActiveCfg = Release|Any CPU
		{055B521D-FD3B-4EF4-AC62-EEEF0E261BF5}.Release|Any CPU.Build.0 = Release|Any CPU
	EndGlobalSection
	GlobalSection(SolutionProperties) = preSolution
		HideSolutionNode = FALSE
	EndGlobalSection
	GlobalSection(ExtensibilityGlobals) = postSolution
		SolutionGuid = {304D9C54-66CC-4A5D-B8BE-BE9D82082CEC}
	EndGlobalSection
EndGlobal
